
Microsoft Visual Studio Solution File, Format Version 12.00
# Visual Studio 15
VisualStudioVersion = 15.0.28306.52
MinimumVisualStudioVersion = 10.0.40219.1
Project("{FAE04EC0-301F-11D3-BF4B-00C04F79EFBC}") = "SoporTecSon", "SoporTecSon\SoporTecSon.csproj", "{29668878-FCCA-4E3D-9BF7-C9D0863BE083}"
EndProject
Project("{FAE04EC0-301F-11D3-BF4B-00C04F79EFBC}") = "SopTecDLL", "SopTecDLL\SopTecDLL.csproj", "{C0498945-DA90-46F2-8FE9-E856650C11FB}"
EndProject
Global
	GlobalSection(SolutionConfigurationPlatforms) = preSolution
		Debug|Any CPU = Debug|Any CPU
		Release|Any CPU = Release|Any CPU
	EndGlobalSection
	GlobalSection(ProjectConfigurationPlatforms) = postSolution
		{29668878-FCCA-4E3D-9BF7-C9D0863BE083}.Debug|Any CPU.ActiveCfg = Debug|Any CPU
		{29668878-FCCA-4E3D-9BF7-C9D0863BE083}.Debug|Any CPU.Build.0 = Debug|Any CPU
		{29668878-FCCA-4E3D-9BF7-C9D0863BE083}.Release|Any CPU.ActiveCfg = Release|Any CPU
		{29668878-FCCA-4E3D-9BF7-C9D0863BE083}.Release|Any CPU.Build.0 = Release|Any CPU
		{C0498945-DA90-46F2-8FE9-E856650C11FB}.Debug|Any CPU.ActiveCfg = Debug|Any CPU
		{C0498945-DA90-46F2-8FE9-E856650C11FB}.Debug|Any CPU.Build.0 = Debug|Any CPU
		{C0498945-DA90-46F2-8FE9-E856650C11FB}.Release|Any CPU.ActiveCfg = Release|Any CPU
		{C0498945-DA90-46F2-8FE9-E856650C11FB}.Release|Any CPU.Build.0 = Release|Any CPU
	EndGlobalSection
	GlobalSection(SolutionProperties) = preSolution
		HideSolutionNode = FALSE
	EndGlobalSection
	GlobalSection(ExtensibilityGlobals) = postSolution
		SolutionGuid = {26181038-CFBC-4DA4-AB14-E2ADE455A9F8}
	EndGlobalSection
EndGlobal
